// !$*UTF8*$!
{
	archiveVersion = 1;
	classes = {
	};
	objectVersion = 56;
	objects = {

/* Begin PBXBuildFile section */
		CC0491CC293909AD008AB3D6 /* Resource.swift in Sources */ = {isa = PBXBuildFile; fileRef = CC0491CB293909AD008AB3D6 /* Resource.swift */; };
		CC0491CF29390BF2008AB3D6 /* MainTableViewCell.swift in Sources */ = {isa = PBXBuildFile; fileRef = CC0491CE29390BF2008AB3D6 /* MainTableViewCell.swift */; };
		CC0491D329390E85008AB3D6 /* UIview+Extension.swift in Sources */ = {isa = PBXBuildFile; fileRef = CC0491D229390E85008AB3D6 /* UIview+Extension.swift */; };
		CC0491D929391583008AB3D6 /* EditingTableViewController.swift in Sources */ = {isa = PBXBuildFile; fileRef = CC0491D829391583008AB3D6 /* EditingTableViewController.swift */; };
		CC70A94C293A67C700165269 /* TextViewTableViewCell.swift in Sources */ = {isa = PBXBuildFile; fileRef = CC70A94B293A67C700165269 /* TextViewTableViewCell.swift */; };
		CC70A94E293A695D00165269 /* NameTextView.swift in Sources */ = {isa = PBXBuildFile; fileRef = CC70A94D293A695D00165269 /* NameTextView.swift */; };
		CC916399293E235F00BD07DC /* DatePickerTableViewCell.swift in Sources */ = {isa = PBXBuildFile; fileRef = CC916398293E235F00BD07DC /* DatePickerTableViewCell.swift */; };
		CC91639B293E278400BD07DC /* PickerViewTableViewCell.swift in Sources */ = {isa = PBXBuildFile; fileRef = CC91639A293E278400BD07DC /* PickerViewTableViewCell.swift */; };
		CC91639D293E28DA00BD07DC /* GenderPickerView.swift in Sources */ = {isa = PBXBuildFile; fileRef = CC91639C293E28DA00BD07DC /* GenderPickerView.swift */; };
		CC91639F293E2BA700BD07DC /* GenderTextField.swift in Sources */ = {isa = PBXBuildFile; fileRef = CC91639E293E2BA700BD07DC /* GenderTextField.swift */; };
		CCF19C252938FE0300940F97 /* AppDelegate.swift in Sources */ = {isa = PBXBuildFile; fileRef = CCF19C242938FE0300940F97 /* AppDelegate.swift */; };
		CCF19C292938FE0300940F97 /* MainTableViewController.swift in Sources */ = {isa = PBXBuildFile; fileRef = CCF19C282938FE0300940F97 /* MainTableViewController.swift */; };
		CCF19C2E2938FE0700940F97 /* Assets.xcassets in Resources */ = {isa = PBXBuildFile; fileRef = CCF19C2D2938FE0700940F97 /* Assets.xcassets */; };
		CCF19C312938FE0700940F97 /* LaunchScreen.storyboard in Resources */ = {isa = PBXBuildFile; fileRef = CCF19C2F2938FE0700940F97 /* LaunchScreen.storyboard */; };
/* End PBXBuildFile section */

/* Begin PBXFileReference section */
		CC0491CB293909AD008AB3D6 /* Resource.swift */ = {isa = PBXFileReference; lastKnownFileType = sourcecode.swift; path = Resource.swift; sourceTree = "<group>"; };
		CC0491CE29390BF2008AB3D6 /* MainTableViewCell.swift */ = {isa = PBXFileReference; lastKnownFileType = sourcecode.swift; path = MainTableViewCell.swift; sourceTree = "<group>"; };
		CC0491D229390E85008AB3D6 /* UIview+Extension.swift */ = {isa = PBXFileReference; lastKnownFileType = sourcecode.swift; path = "UIview+Extension.swift"; sourceTree = "<group>"; };
		CC0491D829391583008AB3D6 /* EditingTableViewController.swift */ = {isa = PBXFileReference; lastKnownFileType = sourcecode.swift; path = EditingTableViewController.swift; sourceTree = "<group>"; };
		CC70A94B293A67C700165269 /* TextViewTableViewCell.swift */ = {isa = PBXFileReference; lastKnownFileType = sourcecode.swift; path = TextViewTableViewCell.swift; sourceTree = "<group>"; };
		CC70A94D293A695D00165269 /* NameTextView.swift */ = {isa = PBXFileReference; lastKnownFileType = sourcecode.swift; path = NameTextView.swift; sourceTree = "<group>"; };
		CC916398293E235F00BD07DC /* DatePickerTableViewCell.swift */ = {isa = PBXFileReference; lastKnownFileType = sourcecode.swift; path = DatePickerTableViewCell.swift; sourceTree = "<group>"; };
		CC91639A293E278400BD07DC /* PickerViewTableViewCell.swift */ = {isa = PBXFileReference; lastKnownFileType = sourcecode.swift; path = PickerViewTableViewCell.swift; sourceTree = "<group>"; };
		CC91639C293E28DA00BD07DC /* GenderPickerView.swift */ = {isa = PBXFileReference; lastKnownFileType = sourcecode.swift; path = GenderPickerView.swift; sourceTree = "<group>"; };
		CC91639E293E2BA700BD07DC /* GenderTextField.swift */ = {isa = PBXFileReference; lastKnownFileType = sourcecode.swift; path = GenderTextField.swift; sourceTree = "<group>"; };
		CCF19C212938FE0300940F97 /* FieldTestTask.app */ = {isa = PBXFileReference; explicitFileType = wrapper.application; includeInIndex = 0; path = FieldTestTask.app; sourceTree = BUILT_PRODUCTS_DIR; };
		CCF19C242938FE0300940F97 /* AppDelegate.swift */ = {isa = PBXFileReference; lastKnownFileType = sourcecode.swift; path = AppDelegate.swift; sourceTree = "<group>"; };
		CCF19C282938FE0300940F97 /* MainTableViewController.swift */ = {isa = PBXFileReference; lastKnownFileType = sourcecode.swift; path = MainTableViewController.swift; sourceTree = "<group>"; };
		CCF19C2D2938FE0700940F97 /* Assets.xcassets */ = {isa = PBXFileReference; lastKnownFileType = folder.assetcatalog; path = Assets.xcassets; sourceTree = "<group>"; };
		CCF19C302938FE0700940F97 /* Base */ = {isa = PBXFileReference; lastKnownFileType = file.storyboard; name = Base; path = Base.lproj/LaunchScreen.storyboard; sourceTree = "<group>"; };
		CCF19C322938FE0700940F97 /* Info.plist */ = {isa = PBXFileReference; lastKnownFileType = text.plist.xml; path = Info.plist; sourceTree = "<group>"; };
/* End PBXFileReference section */

/* Begin PBXFrameworksBuildPhase section */
		CCF19C1E2938FE0300940F97 /* Frameworks */ = {
			isa = PBXFrameworksBuildPhase;
			buildActionMask = 2147483647;
			files = (
			);
			runOnlyForDeploymentPostprocessing = 0;
		};
/* End PBXFrameworksBuildPhase section */

/* Begin PBXGroup section */
		CC0491CA29390993008AB3D6 /* Resources */ = {
			isa = PBXGroup;
			children = (
				CC0491CB293909AD008AB3D6 /* Resource.swift */,
			);
			path = Resources;
			sourceTree = "<group>";
		};
		CC0491CD29390BE3008AB3D6 /* Views */ = {
			isa = PBXGroup;
			children = (
				CC0491CE29390BF2008AB3D6 /* MainTableViewCell.swift */,
			);
			path = Views;
			sourceTree = "<group>";
		};
		CC0491D029390E5F008AB3D6 /* Extensions */ = {
			isa = PBXGroup;
			children = (
				CC0491D129390E6E008AB3D6 /* UIkit */,
			);
			path = Extensions;
			sourceTree = "<group>";
		};
		CC0491D129390E6E008AB3D6 /* UIkit */ = {
			isa = PBXGroup;
			children = (
				CC0491D229390E85008AB3D6 /* UIview+Extension.swift */,
			);
			path = UIkit;
			sourceTree = "<group>";
		};
		CC0491D42939151B008AB3D6 /* EditingModule */ = {
			isa = PBXGroup;
			children = (
				CC70A949293A679500165269 /* Views */,
				CC0491D52939154E008AB3D6 /* Controllers */,
			);
			path = EditingModule;
			sourceTree = "<group>";
		};
		CC0491D52939154E008AB3D6 /* Controllers */ = {
			isa = PBXGroup;
			children = (
				CC0491D829391583008AB3D6 /* EditingTableViewController.swift */,
			);
			path = Controllers;
			sourceTree = "<group>";
		};
		CC70A949293A679500165269 /* Views */ = {
			isa = PBXGroup;
			children = (
				CC70A94A293A67A300165269 /* Cells  */,
				CC70A94D293A695D00165269 /* NameTextView.swift */,
				CC91639C293E28DA00BD07DC /* GenderPickerView.swift */,
				CC91639E293E2BA700BD07DC /* GenderTextField.swift */,
			);
			path = Views;
			sourceTree = "<group>";
		};
		CC70A94A293A67A300165269 /* Cells  */ = {
			isa = PBXGroup;
			children = (
				CC70A94B293A67C700165269 /* TextViewTableViewCell.swift */,
				CC916398293E235F00BD07DC /* DatePickerTableViewCell.swift */,
				CC91639A293E278400BD07DC /* PickerViewTableViewCell.swift */,
			);
			path = "Cells ";
			sourceTree = "<group>";
		};
		CCF19C182938FE0300940F97 = {
			isa = PBXGroup;
			children = (
				CCF19C232938FE0300940F97 /* FieldTestTask */,
				CCF19C222938FE0300940F97 /* Products */,
			);
			sourceTree = "<group>";
		};
		CCF19C222938FE0300940F97 /* Products */ = {
			isa = PBXGroup;
			children = (
				CCF19C212938FE0300940F97 /* FieldTestTask.app */,
			);
			name = Products;
			sourceTree = "<group>";
		};
		CCF19C232938FE0300940F97 /* FieldTestTask */ = {
			isa = PBXGroup;
			children = (
				CC0491D42939151B008AB3D6 /* EditingModule */,
				CC0491CA29390993008AB3D6 /* Resources */,
				CCF19C382938FF9500940F97 /* Application */,
				CCF19C3A293900B100940F97 /* MainModule */,
				CC0491D029390E5F008AB3D6 /* Extensions */,
				CCF19C392938FFAA00940F97 /* SupportingFiels */,
			);
			path = FieldTestTask;
			sourceTree = "<group>";
		};
		CCF19C382938FF9500940F97 /* Application */ = {
			isa = PBXGroup;
			children = (
				CCF19C242938FE0300940F97 /* AppDelegate.swift */,
			);
			path = Application;
			sourceTree = "<group>";
		};
		CCF19C392938FFAA00940F97 /* SupportingFiels */ = {
			isa = PBXGroup;
			children = (
				CCF19C2F2938FE0700940F97 /* LaunchScreen.storyboard */,
				CCF19C322938FE0700940F97 /* Info.plist */,
				CCF19C2D2938FE0700940F97 /* Assets.xcassets */,
			);
			path = SupportingFiels;
			sourceTree = "<group>";
		};
		CCF19C3A293900B100940F97 /* MainModule */ = {
			isa = PBXGroup;
			children = (
				CC0491CD29390BE3008AB3D6 /* Views */,
				CCF19C3B293900C200940F97 /* Controllers */,
			);
			path = MainModule;
			sourceTree = "<group>";
		};
		CCF19C3B293900C200940F97 /* Controllers */ = {
			isa = PBXGroup;
			children = (
				CCF19C282938FE0300940F97 /* MainTableViewController.swift */,
			);
			path = Controllers;
			sourceTree = "<group>";
		};
/* End PBXGroup section */

/* Begin PBXNativeTarget section */
		CCF19C202938FE0300940F97 /* FieldTestTask */ = {
			isa = PBXNativeTarget;
			buildConfigurationList = CCF19C352938FE0700940F97 /* Build configuration list for PBXNativeTarget "FieldTestTask" */;
			buildPhases = (
				CCF19C1D2938FE0300940F97 /* Sources */,
				CCF19C1E2938FE0300940F97 /* Frameworks */,
				CCF19C1F2938FE0300940F97 /* Resources */,
			);
			buildRules = (
			);
			dependencies = (
			);
			name = FieldTestTask;
			productName = FieldTestTask;
			productReference = CCF19C212938FE0300940F97 /* FieldTestTask.app */;
			productType = "com.apple.product-type.application";
		};
/* End PBXNativeTarget section */

/* Begin PBXProject section */
		CCF19C192938FE0300940F97 /* Project object */ = {
			isa = PBXProject;
			attributes = {
				BuildIndependentTargetsInParallel = 1;
				LastSwiftUpdateCheck = 1410;
				LastUpgradeCheck = 1410;
				TargetAttributes = {
					CCF19C202938FE0300940F97 = {
						CreatedOnToolsVersion = 14.1;
					};
				};
			};
			buildConfigurationList = CCF19C1C2938FE0300940F97 /* Build configuration list for PBXProject "FieldTestTask" */;
			compatibilityVersion = "Xcode 14.0";
			developmentRegion = en;
			hasScannedForEncodings = 0;
			knownRegions = (
				en,
				Base,
			);
			mainGroup = CCF19C182938FE0300940F97;
			productRefGroup = CCF19C222938FE0300940F97 /* Products */;
			projectDirPath = "";
			projectRoot = "";
			targets = (
				CCF19C202938FE0300940F97 /* FieldTestTask */,
			);
		};
/* End PBXProject section */

/* Begin PBXResourcesBuildPhase section */
		CCF19C1F2938FE0300940F97 /* Resources */ = {
			isa = PBXResourcesBuildPhase;
			buildActionMask = 2147483647;
			files = (
				CCF19C312938FE0700940F97 /* LaunchScreen.storyboard in Resources */,
				CCF19C2E2938FE0700940F97 /* Assets.xcassets in Resources */,
			);
			runOnlyForDeploymentPostprocessing = 0;
		};
/* End PBXResourcesBuildPhase section */

/* Begin PBXSourcesBuildPhase section */
		CCF19C1D2938FE0300940F97 /* Sources */ = {
			isa = PBXSourcesBuildPhase;
			buildActionMask = 2147483647;
			files = (
				CC0491CC293909AD008AB3D6 /* Resource.swift in Sources */,
				CC0491D929391583008AB3D6 /* EditingTableViewController.swift in Sources */,
				CCF19C292938FE0300940F97 /* MainTableViewController.swift in Sources */,
				CC0491CF29390BF2008AB3D6 /* MainTableViewCell.swift in Sources */,
				CC91639D293E28DA00BD07DC /* GenderPickerView.swift in Sources */,
				CC0491D329390E85008AB3D6 /* UIview+Extension.swift in Sources */,
				CC70A94C293A67C700165269 /* TextViewTableViewCell.swift in Sources */,
				CC91639B293E278400BD07DC /* PickerViewTableViewCell.swift in Sources */,
				CC70A94E293A695D00165269 /* NameTextView.swift in Sources */,
				CCF19C252938FE0300940F97 /* AppDelegate.swift in Sources */,
				CC91639F293E2BA700BD07DC /* GenderTextField.swift in Sources */,
				CC916399293E235F00BD07DC /* DatePickerTableViewCell.swift in Sources */,
			);
			runOnlyForDeploymentPostprocessing = 0;
		};
/* End PBXSourcesBuildPhase section */

/* Begin PBXVariantGroup section */
		CCF19C2F2938FE0700940F97 /* LaunchScreen.storyboard */ = {
			isa = PBXVariantGroup;
			children = (
				CCF19C302938FE0700940F97 /* Base */,
			);
			name = LaunchScreen.storyboard;
			sourceTree = "<group>";
		};
/* End PBXVariantGroup section */

/* Begin XCBuildConfiguration section */
		CCF19C332938FE0700940F97 /* Debug */ = {
			isa = XCBuildConfiguration;
			buildSettings = {
				ALWAYS_SEARCH_USER_PATHS = NO;
				CLANG_ANALYZER_NONNULL = YES;
				CLANG_ANALYZER_NUMBER_OBJECT_CONVERSION = YES_AGGRESSIVE;
				CLANG_CXX_LANGUAGE_STANDARD = "gnu++20";
				CLANG_ENABLE_MODULES = YES;
				CLANG_ENABLE_OBJC_ARC = YES;
				CLANG_ENABLE_OBJC_WEAK = YES;
				CLANG_WARN_BLOCK_CAPTURE_AUTORELEASING = YES;
				CLANG_WARN_BOOL_CONVERSION = YES;
				CLANG_WARN_COMMA = YES;
				CLANG_WARN_CONSTANT_CONVERSION = YES;
				CLANG_WARN_DEPRECATED_OBJC_IMPLEMENTATIONS = YES;
				CLANG_WARN_DIRECT_OBJC_ISA_USAGE = YES_ERROR;
				CLANG_WARN_DOCUMENTATION_COMMENTS = YES;
				CLANG_WARN_EMPTY_BODY = YES;
				CLANG_WARN_ENUM_CONVERSION = YES;
				CLANG_WARN_INFINITE_RECURSION = YES;
				CLANG_WARN_INT_CONVERSION = YES;
				CLANG_WARN_NON_LITERAL_NULL_CONVERSION = YES;
				CLANG_WARN_OBJC_IMPLICIT_RETAIN_SELF = YES;
				CLANG_WARN_OBJC_LITERAL_CONVERSION = YES;
				CLANG_WARN_OBJC_ROOT_CLASS = YES_ERROR;
				CLANG_WARN_QUOTED_INCLUDE_IN_FRAMEWORK_HEADER = YES;
				CLANG_WARN_RANGE_LOOP_ANALYSIS = YES;
				CLANG_WARN_STRICT_PROTOTYPES = YES;
				CLANG_WARN_SUSPICIOUS_MOVE = YES;
				CLANG_WARN_UNGUARDED_AVAILABILITY = YES_AGGRESSIVE;
				CLANG_WARN_UNREACHABLE_CODE = YES;
				CLANG_WARN__DUPLICATE_METHOD_MATCH = YES;
				COPY_PHASE_STRIP = NO;
				DEBUG_INFORMATION_FORMAT = dwarf;
				ENABLE_STRICT_OBJC_MSGSEND = YES;
				ENABLE_TESTABILITY = YES;
				GCC_C_LANGUAGE_STANDARD = gnu11;
				GCC_DYNAMIC_NO_PIC = NO;
				GCC_NO_COMMON_BLOCKS = YES;
				GCC_OPTIMIZATION_LEVEL = 0;
				GCC_PREPROCESSOR_DEFINITIONS = (
					"DEBUG=1",
					"$(inherited)",
				);
				GCC_WARN_64_TO_32_BIT_CONVERSION = YES;
				GCC_WARN_ABOUT_RETURN_TYPE = YES_ERROR;
				GCC_WARN_UNDECLARED_SELECTOR = YES;
				GCC_WARN_UNINITIALIZED_AUTOS = YES_AGGRESSIVE;
				GCC_WARN_UNUSED_FUNCTION = YES;
				GCC_WARN_UNUSED_VARIABLE = YES;
				IPHONEOS_DEPLOYMENT_TARGET = 12.0;
				MTL_ENABLE_DEBUG_INFO = INCLUDE_SOURCE;
				MTL_FAST_MATH = YES;
				ONLY_ACTIVE_ARCH = YES;
				SDKROOT = iphoneos;
				SWIFT_ACTIVE_COMPILATION_CONDITIONS = DEBUG;
				SWIFT_OPTIMIZATION_LEVEL = "-Onone";
			};
			name = Debug;
		};
		CCF19C342938FE0700940F97 /* Release */ = {
			isa = XCBuildConfiguration;
			buildSettings = {
				ALWAYS_SEARCH_USER_PATHS = NO;
				CLANG_ANALYZER_NONNULL = YES;
				CLANG_ANALYZER_NUMBER_OBJECT_CONVERSION = YES_AGGRESSIVE;
				CLANG_CXX_LANGUAGE_STANDARD = "gnu++20";
				CLANG_ENABLE_MODULES = YES;
				CLANG_ENABLE_OBJC_ARC = YES;
				CLANG_ENABLE_OBJC_WEAK = YES;
				CLANG_WARN_BLOCK_CAPTURE_AUTORELEASING = YES;
				CLANG_WARN_BOOL_CONVERSION = YES;
				CLANG_WARN_COMMA = YES;
				CLANG_WARN_CONSTANT_CONVERSION = YES;
				CLANG_WARN_DEPRECATED_OBJC_IMPLEMENTATIONS = YES;
				CLANG_WARN_DIRECT_OBJC_ISA_USAGE = YES_ERROR;
				CLANG_WARN_DOCUMENTATION_COMMENTS = YES;
				CLANG_WARN_EMPTY_BODY = YES;
				CLANG_WARN_ENUM_CONVERSION = YES;
				CLANG_WARN_INFINITE_RECURSION = YES;
				CLANG_WARN_INT_CONVERSION = YES;
				CLANG_WARN_NON_LITERAL_NULL_CONVERSION = YES;
				CLANG_WARN_OBJC_IMPLICIT_RETAIN_SELF = YES;
				CLANG_WARN_OBJC_LITERAL_CONVERSION = YES;
				CLANG_WARN_OBJC_ROOT_CLASS = YES_ERROR;
				CLANG_WARN_QUOTED_INCLUDE_IN_FRAMEWORK_HEADER = YES;
				CLANG_WARN_RANGE_LOOP_ANALYSIS = YES;
				CLANG_WARN_STRICT_PROTOTYPES = YES;
				CLANG_WARN_SUSPICIOUS_MOVE = YES;
				CLANG_WARN_UNGUARDED_AVAILABILITY = YES_AGGRESSIVE;
				CLANG_WARN_UNREACHABLE_CODE = YES;
				CLANG_WARN__DUPLICATE_METHOD_MATCH = YES;
				COPY_PHASE_STRIP = NO;
				DEBUG_INFORMATION_FORMAT = "dwarf-with-dsym";
				ENABLE_NS_ASSERTIONS = NO;
				ENABLE_STRICT_OBJC_MSGSEND = YES;
				GCC_C_LANGUAGE_STANDARD = gnu11;
				GCC_NO_COMMON_BLOCKS = YES;
				GCC_WARN_64_TO_32_BIT_CONVERSION = YES;
				GCC_WARN_ABOUT_RETURN_TYPE = YES_ERROR;
				GCC_WARN_UNDECLARED_SELECTOR = YES;
				GCC_WARN_UNINITIALIZED_AUTOS = YES_AGGRESSIVE;
				GCC_WARN_UNUSED_FUNCTION = YES;
				GCC_WARN_UNUSED_VARIABLE = YES;
				IPHONEOS_DEPLOYMENT_TARGET = 12.0;
				MTL_ENABLE_DEBUG_INFO = NO;
				MTL_FAST_MATH = YES;
				SDKROOT = iphoneos;
				SWIFT_COMPILATION_MODE = wholemodule;
				SWIFT_OPTIMIZATION_LEVEL = "-O";
				VALIDATE_PRODUCT = YES;
			};
			name = Release;
		};
		CCF19C362938FE0700940F97 /* Debug */ = {
			isa = XCBuildConfiguration;
			buildSettings = {
				ASSETCATALOG_COMPILER_APPICON_NAME = AppIcon;
				ASSETCATALOG_COMPILER_GLOBAL_ACCENT_COLOR_NAME = AccentColor;
				CODE_SIGN_STYLE = Automatic;
				CURRENT_PROJECT_VERSION = 1;
				GENERATE_INFOPLIST_FILE = YES;
				INFOPLIST_FILE = FieldTestTask/SupportingFiels/Info.plist;
				INFOPLIST_KEY_UIApplicationSupportsIndirectInputEvents = YES;
				INFOPLIST_KEY_UILaunchStoryboardName = LaunchScreen;
				INFOPLIST_KEY_UISupportedInterfaceOrientations = UIInterfaceOrientationPortrait;
				INFOPLIST_KEY_UISupportedInterfaceOrientations_iPad = "UIInterfaceOrientationLandscapeLeft UIInterfaceOrientationLandscapeRight UIInterfaceOrientationPortrait UIInterfaceOrientationPortraitUpsideDown";
				IPHONEOS_DEPLOYMENT_TARGET = 12.0;
				LD_RUNPATH_SEARCH_PATHS = (
					"$(inherited)",
					"@executable_path/Frameworks",
				);
				MARKETING_VERSION = 1.0;
				PRODUCT_BUNDLE_IDENTIFIER = ru.alexgaida.FieldTestTask;
				PRODUCT_NAME = "$(TARGET_NAME)";
				SUPPORTED_PLATFORMS = "iphoneos iphonesimulator";
				SUPPORTS_MACCATALYST = NO;
				SUPPORTS_MAC_DESIGNED_FOR_IPHONE_IPAD = NO;
				SWIFT_EMIT_LOC_STRINGS = YES;
				SWIFT_VERSION = 5.0;
				TARGETED_DEVICE_FAMILY = 1;
			};
			name = Debug;
		};
		CCF19C372938FE0700940F97 /* Release */ = {
			isa = XCBuildConfiguration;
			buildSettings = {
				ASSETCATALOG_COMPILER_APPICON_NAME = AppIcon;
				ASSETCATALOG_COMPILER_GLOBAL_ACCENT_COLOR_NAME = AccentColor;
				CODE_SIGN_STYLE = Automatic;
				CURRENT_PROJECT_VERSION = 1;
				GENERATE_INFOPLIST_FILE = YES;
				INFOPLIST_FILE = FieldTestTask/SupportingFiels/Info.plist;
				INFOPLIST_KEY_UIApplicationSupportsIndirectInputEvents = YES;
				INFOPLIST_KEY_UILaunchStoryboardName = LaunchScreen;
				INFOPLIST_KEY_UISupportedInterfaceOrientations = UIInterfaceOrientationPortrait;
				INFOPLIST_KEY_UISupportedInterfaceOrientations_iPad = "UIInterfaceOrientationLandscapeLeft UIInterfaceOrientationLandscapeRight UIInterfaceOrientationPortrait UIInterfaceOrientationPortraitUpsideDown";
				IPHONEOS_DEPLOYMENT_TARGET = 12.0;
				LD_RUNPATH_SEARCH_PATHS = (
					"$(inherited)",
					"@executable_path/Frameworks",
				);
				MARKETING_VERSION = 1.0;
				PRODUCT_BUNDLE_IDENTIFIER = ru.alexgaida.FieldTestTask;
				PRODUCT_NAME = "$(TARGET_NAME)";
				SUPPORTED_PLATFORMS = "iphoneos iphonesimulator";
				SUPPORTS_MACCATALYST = NO;
				SUPPORTS_MAC_DESIGNED_FOR_IPHONE_IPAD = NO;
				SWIFT_EMIT_LOC_STRINGS = YES;
				SWIFT_VERSION = 5.0;
				TARGETED_DEVICE_FAMILY = 1;
			};
			name = Release;
		};
/* End XCBuildConfiguration section */

/* Begin XCConfigurationList section */
		CCF19C1C2938FE0300940F97 /* Build configuration list for PBXProject "FieldTestTask" */ = {
			isa = XCConfigurationList;
			buildConfigurations = (
				CCF19C332938FE0700940F97 /* Debug */,
				CCF19C342938FE0700940F97 /* Release */,
			);
			defaultConfigurationIsVisible = 0;
			defaultConfigurationName = Release;
		};
		CCF19C352938FE0700940F97 /* Build configuration list for PBXNativeTarget "FieldTestTask" */ = {
			isa = XCConfigurationList;
			buildConfigurations = (
				CCF19C362938FE0700940F97 /* Debug */,
				CCF19C372938FE0700940F97 /* Release */,
			);
			defaultConfigurationIsVisible = 0;
			defaultConfigurationName = Release;
		};
/* End XCConfigurationList section */
	};
	rootObject = CCF19C192938FE0300940F97 /* Project object */;
}
